# This file is automatically @generated by Cargo.
# It is not intended for manual editing.
version = 4

[[package]]
name = "eidolon-core"
version = "0.1.0"

[[package]]
name = "eidolon-evm"
version = "0.1.0"

[[package]]
name = "eidolon-forkdb"
version = "0.1.0"

[[package]]
name = "eidolon-node"
version = "0.1.0"

[[package]]
name = "eidolon-rpc"
version = "0.1.0"
